// !$*UTF8*$!
{
	archiveVersion = 1;
	classes = {
	};
	objectVersion = 52;
	objects = {

/* Begin PBXBuildFile section */
		99AE295625133E6800272957 /* CustomAlertContentView.swift in Sources */ = {isa = PBXBuildFile; fileRef = 99AE291425133E6800272957 /* CustomAlertContentView.swift */; };
		99AE295725133E6800272957 /* CustomAlertControllerExtension.swift in Sources */ = {isa = PBXBuildFile; fileRef = 99AE291525133E6800272957 /* CustomAlertControllerExtension.swift */; };
		99AE295825133E6800272957 /* CustomAlertController.swift in Sources */ = {isa = PBXBuildFile; fileRef = 99AE291825133E6800272957 /* CustomAlertController.swift */; };
		99AE295925133E6800272957 /* DelegatingAnimatedTransition.swift in Sources */ = {isa = PBXBuildFile; fileRef = 99AE291A25133E6800272957 /* DelegatingAnimatedTransition.swift */; };
		99AE295A25133E6800272957 /* TranslucentAnimatedTransition.swift in Sources */ = {isa = PBXBuildFile; fileRef = 99AE291B25133E6800272957 /* TranslucentAnimatedTransition.swift */; };
		99AE295B25133E6800272957 /* AnimatedTransition.swift in Sources */ = {isa = PBXBuildFile; fileRef = 99AE291C25133E6800272957 /* AnimatedTransition.swift */; };
		99AE295C25133E6800272957 /* ZoomAnimatedTransition.swift in Sources */ = {isa = PBXBuildFile; fileRef = 99AE291D25133E6800272957 /* ZoomAnimatedTransition.swift */; };
		99AE295D25133E6800272957 /* HorizontalSlideTransition.swift in Sources */ = {isa = PBXBuildFile; fileRef = 99AE291E25133E6800272957 /* HorizontalSlideTransition.swift */; };
		99AE295E25133E6800272957 /* LocationManager.swift in Sources */ = {isa = PBXBuildFile; fileRef = 99AE292025133E6800272957 /* LocationManager.swift */; };
		99AE295F25133E6800272957 /* FetchedResultsTableButtonViewController.swift in Sources */ = {isa = PBXBuildFile; fileRef = 99AE292425133E6800272957 /* FetchedResultsTableButtonViewController.swift */; };
		99AE296025133E6800272957 /* ContentInsetAdjuster.swift in Sources */ = {isa = PBXBuildFile; fileRef = 99AE292625133E6800272957 /* ContentInsetAdjuster.swift */; };
		99AE296125133E6800272957 /* TableButtonPagingViewController.swift in Sources */ = {isa = PBXBuildFile; fileRef = 99AE292725133E6800272957 /* TableButtonPagingViewController.swift */; };
		99AE296225133E6800272957 /* TableViewSchemaViewController.swift in Sources */ = {isa = PBXBuildFile; fileRef = 99AE292825133E6800272957 /* TableViewSchemaViewController.swift */; };
		99AE296325133E6800272957 /* FetchedResultsTableViewController.swift in Sources */ = {isa = PBXBuildFile; fileRef = 99AE292925133E6800272957 /* FetchedResultsTableViewController.swift */; };
		99AE296425133E6800272957 /* UITableViewExtension.swift in Sources */ = {isa = PBXBuildFile; fileRef = 99AE292A25133E6800272957 /* UITableViewExtension.swift */; };
		99AE296525133E6800272957 /* PagingTableViewController.swift in Sources */ = {isa = PBXBuildFile; fileRef = 99AE292B25133E6800272957 /* PagingTableViewController.swift */; };
		99AE296625133E6800272957 /* TableViewSchemaButtonViewController.swift in Sources */ = {isa = PBXBuildFile; fileRef = 99AE292C25133E6800272957 /* TableViewSchemaButtonViewController.swift */; };
		99AE296725133E6800272957 /* TextCell.swift in Sources */ = {isa = PBXBuildFile; fileRef = 99AE292D25133E6800272957 /* TextCell.swift */; };
		99AE296825133E6800272957 /* TableViewController.swift in Sources */ = {isa = PBXBuildFile; fileRef = 99AE292E25133E6800272957 /* TableViewController.swift */; };
		99AE296925133E6800272957 /* LoadingButton.swift in Sources */ = {isa = PBXBuildFile; fileRef = 99AE292F25133E6800272957 /* LoadingButton.swift */; };
		99AE296A25133E6800272957 /* TableButtonViewController.swift in Sources */ = {isa = PBXBuildFile; fileRef = 99AE293025133E6800272957 /* TableButtonViewController.swift */; };
		99AE296B25133E6800272957 /* ActionButton.swift in Sources */ = {isa = PBXBuildFile; fileRef = 99AE293125133E6800272957 /* ActionButton.swift */; };
		99AE296C25133E6800272957 /* NavigationDelegateViewController.swift in Sources */ = {isa = PBXBuildFile; fileRef = 99AE293225133E6800272957 /* NavigationDelegateViewController.swift */; };
		99AE296D25133E6800272957 /* LabeledTextField.swift in Sources */ = {isa = PBXBuildFile; fileRef = 99AE293325133E6800272957 /* LabeledTextField.swift */; };
		99AE296E25133E6800272957 /* NibStoryboardInstantiating.swift in Sources */ = {isa = PBXBuildFile; fileRef = 99AE293425133E6800272957 /* NibStoryboardInstantiating.swift */; };
		99AE296F25133E6800272957 /* PocketViewController.swift in Sources */ = {isa = PBXBuildFile; fileRef = 99AE293525133E6800272957 /* PocketViewController.swift */; };
		99AE297025133E6800272957 /* ReuseIdentifying.swift in Sources */ = {isa = PBXBuildFile; fileRef = 99AE293625133E6800272957 /* ReuseIdentifying.swift */; };
		99AE297125133E6800272957 /* UIColorExtension.swift in Sources */ = {isa = PBXBuildFile; fileRef = 99AE293825133E6800272957 /* UIColorExtension.swift */; };
		99AE297225133E6800272957 /* UIBarButtonItem.swift in Sources */ = {isa = PBXBuildFile; fileRef = 99AE293925133E6800272957 /* UIBarButtonItem.swift */; };
		99AE297325133E6800272957 /* ArrayExtension.swift in Sources */ = {isa = PBXBuildFile; fileRef = 99AE293A25133E6800272957 /* ArrayExtension.swift */; };
		99AE297425133E6800272957 /* CGSizeExtension.swift in Sources */ = {isa = PBXBuildFile; fileRef = 99AE293B25133E6800272957 /* CGSizeExtension.swift */; };
		99AE297525133E6800272957 /* UIViewControllerExtension.swift in Sources */ = {isa = PBXBuildFile; fileRef = 99AE293C25133E6800272957 /* UIViewControllerExtension.swift */; };
		99AE297625133E6800272957 /* UIViewExtension.swift in Sources */ = {isa = PBXBuildFile; fileRef = 99AE293D25133E6800272957 /* UIViewExtension.swift */; };
		99AE297725133E6800272957 /* UIFontExtension.swift in Sources */ = {isa = PBXBuildFile; fileRef = 99AE293E25133E6800272957 /* UIFontExtension.swift */; };
		99AE297825133E6800272957 /* UIImageExtension.swift in Sources */ = {isa = PBXBuildFile; fileRef = 99AE293F25133E6800272957 /* UIImageExtension.swift */; };
		99AE297925133E6800272957 /* UIAlertControllerExtensions.swift in Sources */ = {isa = PBXBuildFile; fileRef = 99AE294025133E6800272957 /* UIAlertControllerExtensions.swift */; };
		99AE297A25133E6800272957 /* UITraitCollectionExtension.swift in Sources */ = {isa = PBXBuildFile; fileRef = 99AE294125133E6800272957 /* UITraitCollectionExtension.swift */; };
		99AE297B25133E6800272957 /* LottieAnimation.swift in Sources */ = {isa = PBXBuildFile; fileRef = 99AE294325133E6800272957 /* LottieAnimation.swift */; };
		99AE297C25133E6800272957 /* TweakViewController.swift in Sources */ = {isa = PBXBuildFile; fileRef = 99AE294525133E6800272957 /* TweakViewController.swift */; };
		99AE297D25133E6800272957 /* TweakStringValueCell.swift in Sources */ = {isa = PBXBuildFile; fileRef = 99AE294625133E6800272957 /* TweakStringValueCell.swift */; };
		99AE297E25133E6800272957 /* TweakSelectViewController.swift in Sources */ = {isa = PBXBuildFile; fileRef = 99AE294925133E6800272957 /* TweakSelectViewController.swift */; };
		99AE297F25133E6800272957 /* TweakSelectCell.swift in Sources */ = {isa = PBXBuildFile; fileRef = 99AE294B25133E6800272957 /* TweakSelectCell.swift */; };
		99AE298025133E6800272957 /* Tweak.swift in Sources */ = {isa = PBXBuildFile; fileRef = 99AE294E25133E6800272957 /* Tweak.swift */; };
		99AE298125133E6800272957 /* OneTimeCodeViewController.swift in Sources */ = {isa = PBXBuildFile; fileRef = 99AE295325133E6800272957 /* OneTimeCodeViewController.swift */; };
		99AE298225133E6800272957 /* OneTimeCodeEntryView.swift in Sources */ = {isa = PBXBuildFile; fileRef = 99AE295425133E6800272957 /* OneTimeCodeEntryView.swift */; };
		99AE298325133E6800272957 /* DeletingTextField.swift in Sources */ = {isa = PBXBuildFile; fileRef = 99AE295525133E6800272957 /* DeletingTextField.swift */; };
		99AE29922513421B00272957 /* Lottie in Frameworks */ = {isa = PBXBuildFile; productRef = 99AE29912513421B00272957 /* Lottie */; };
		OBJ_44 /* CarSwaddleUITests.swift in Sources */ = {isa = PBXBuildFile; fileRef = OBJ_12 /* CarSwaddleUITests.swift */; };
		OBJ_45 /* XCTestManifests.swift in Sources */ = {isa = PBXBuildFile; fileRef = OBJ_13 /* XCTestManifests.swift */; };
		OBJ_47 /* CarSwaddleUI.framework in Frameworks */ = {isa = PBXBuildFile; fileRef = "CarSwaddleUI::CarSwaddleUI::Product" /* CarSwaddleUI.framework */; };
/* End PBXBuildFile section */

/* Begin PBXContainerItemProxy section */
		99AE290C25133DF100272957 /* PBXContainerItemProxy */ = {
			isa = PBXContainerItemProxy;
			containerPortal = OBJ_1 /* Project object */;
			proxyType = 1;
			remoteGlobalIDString = "CarSwaddleUI::CarSwaddleUI";
			remoteInfo = CarSwaddleUI;
		};
/* End PBXContainerItemProxy section */

/* Begin PBXFileReference section */
		99AE291425133E6800272957 /* CustomAlertContentView.swift */ = {isa = PBXFileReference; fileEncoding = 4; lastKnownFileType = sourcecode.swift; path = CustomAlertContentView.swift; sourceTree = "<group>"; };
		99AE291525133E6800272957 /* CustomAlertControllerExtension.swift */ = {isa = PBXFileReference; fileEncoding = 4; lastKnownFileType = sourcecode.swift; path = CustomAlertControllerExtension.swift; sourceTree = "<group>"; };
		99AE291625133E6800272957 /* CustomAlertContentView.xib */ = {isa = PBXFileReference; fileEncoding = 4; lastKnownFileType = file.xib; path = CustomAlertContentView.xib; sourceTree = "<group>"; };
		99AE291725133E6800272957 /* CustomAlertController.storyboard */ = {isa = PBXFileReference; fileEncoding = 4; lastKnownFileType = file.storyboard; path = CustomAlertController.storyboard; sourceTree = "<group>"; };
		99AE291825133E6800272957 /* CustomAlertController.swift */ = {isa = PBXFileReference; fileEncoding = 4; lastKnownFileType = sourcecode.swift; path = CustomAlertController.swift; sourceTree = "<group>"; };
		99AE291A25133E6800272957 /* DelegatingAnimatedTransition.swift */ = {isa = PBXFileReference; fileEncoding = 4; lastKnownFileType = sourcecode.swift; path = DelegatingAnimatedTransition.swift; sourceTree = "<group>"; };
		99AE291B25133E6800272957 /* TranslucentAnimatedTransition.swift */ = {isa = PBXFileReference; fileEncoding = 4; lastKnownFileType = sourcecode.swift; path = TranslucentAnimatedTransition.swift; sourceTree = "<group>"; };
		99AE291C25133E6800272957 /* AnimatedTransition.swift */ = {isa = PBXFileReference; fileEncoding = 4; lastKnownFileType = sourcecode.swift; path = AnimatedTransition.swift; sourceTree = "<group>"; };
		99AE291D25133E6800272957 /* ZoomAnimatedTransition.swift */ = {isa = PBXFileReference; fileEncoding = 4; lastKnownFileType = sourcecode.swift; path = ZoomAnimatedTransition.swift; sourceTree = "<group>"; };
		99AE291E25133E6800272957 /* HorizontalSlideTransition.swift */ = {isa = PBXFileReference; fileEncoding = 4; lastKnownFileType = sourcecode.swift; path = HorizontalSlideTransition.swift; sourceTree = "<group>"; };
		99AE292025133E6800272957 /* LocationManager.swift */ = {isa = PBXFileReference; fileEncoding = 4; lastKnownFileType = sourcecode.swift; path = LocationManager.swift; sourceTree = "<group>"; };
		99AE292225133E6800272957 /* Info.plist */ = {isa = PBXFileReference; fileEncoding = 4; lastKnownFileType = text.plist.xml; path = Info.plist; sourceTree = "<group>"; };
		99AE292425133E6800272957 /* FetchedResultsTableButtonViewController.swift */ = {isa = PBXFileReference; fileEncoding = 4; lastKnownFileType = sourcecode.swift; path = FetchedResultsTableButtonViewController.swift; sourceTree = "<group>"; };
		99AE292525133E6800272957 /* TextCell.xib */ = {isa = PBXFileReference; fileEncoding = 4; lastKnownFileType = file.xib; path = TextCell.xib; sourceTree = "<group>"; };
		99AE292625133E6800272957 /* ContentInsetAdjuster.swift */ = {isa = PBXFileReference; fileEncoding = 4; lastKnownFileType = sourcecode.swift; path = ContentInsetAdjuster.swift; sourceTree = "<group>"; };
		99AE292725133E6800272957 /* TableButtonPagingViewController.swift */ = {isa = PBXFileReference; fileEncoding = 4; lastKnownFileType = sourcecode.swift; path = TableButtonPagingViewController.swift; sourceTree = "<group>"; };
		99AE292825133E6800272957 /* TableViewSchemaViewController.swift */ = {isa = PBXFileReference; fileEncoding = 4; lastKnownFileType = sourcecode.swift; path = TableViewSchemaViewController.swift; sourceTree = "<group>"; };
		99AE292925133E6800272957 /* FetchedResultsTableViewController.swift */ = {isa = PBXFileReference; fileEncoding = 4; lastKnownFileType = sourcecode.swift; path = FetchedResultsTableViewController.swift; sourceTree = "<group>"; };
		99AE292A25133E6800272957 /* UITableViewExtension.swift */ = {isa = PBXFileReference; fileEncoding = 4; lastKnownFileType = sourcecode.swift; path = UITableViewExtension.swift; sourceTree = "<group>"; };
		99AE292B25133E6800272957 /* PagingTableViewController.swift */ = {isa = PBXFileReference; fileEncoding = 4; lastKnownFileType = sourcecode.swift; path = PagingTableViewController.swift; sourceTree = "<group>"; };
		99AE292C25133E6800272957 /* TableViewSchemaButtonViewController.swift */ = {isa = PBXFileReference; fileEncoding = 4; lastKnownFileType = sourcecode.swift; path = TableViewSchemaButtonViewController.swift; sourceTree = "<group>"; };
		99AE292D25133E6800272957 /* TextCell.swift */ = {isa = PBXFileReference; fileEncoding = 4; lastKnownFileType = sourcecode.swift; path = TextCell.swift; sourceTree = "<group>"; };
		99AE292E25133E6800272957 /* TableViewController.swift */ = {isa = PBXFileReference; fileEncoding = 4; lastKnownFileType = sourcecode.swift; path = TableViewController.swift; sourceTree = "<group>"; };
		99AE292F25133E6800272957 /* LoadingButton.swift */ = {isa = PBXFileReference; fileEncoding = 4; lastKnownFileType = sourcecode.swift; path = LoadingButton.swift; sourceTree = "<group>"; };
		99AE293025133E6800272957 /* TableButtonViewController.swift */ = {isa = PBXFileReference; fileEncoding = 4; lastKnownFileType = sourcecode.swift; path = TableButtonViewController.swift; sourceTree = "<group>"; };
		99AE293125133E6800272957 /* ActionButton.swift */ = {isa = PBXFileReference; fileEncoding = 4; lastKnownFileType = sourcecode.swift; path = ActionButton.swift; sourceTree = "<group>"; };
		99AE293225133E6800272957 /* NavigationDelegateViewController.swift */ = {isa = PBXFileReference; fileEncoding = 4; lastKnownFileType = sourcecode.swift; path = NavigationDelegateViewController.swift; sourceTree = "<group>"; };
		99AE293325133E6800272957 /* LabeledTextField.swift */ = {isa = PBXFileReference; fileEncoding = 4; lastKnownFileType = sourcecode.swift; path = LabeledTextField.swift; sourceTree = "<group>"; };
		99AE293425133E6800272957 /* NibStoryboardInstantiating.swift */ = {isa = PBXFileReference; fileEncoding = 4; lastKnownFileType = sourcecode.swift; path = NibStoryboardInstantiating.swift; sourceTree = "<group>"; };
		99AE293525133E6800272957 /* PocketViewController.swift */ = {isa = PBXFileReference; fileEncoding = 4; lastKnownFileType = sourcecode.swift; path = PocketViewController.swift; sourceTree = "<group>"; };
		99AE293625133E6800272957 /* ReuseIdentifying.swift */ = {isa = PBXFileReference; fileEncoding = 4; lastKnownFileType = sourcecode.swift; path = ReuseIdentifying.swift; sourceTree = "<group>"; };
		99AE293825133E6800272957 /* UIColorExtension.swift */ = {isa = PBXFileReference; fileEncoding = 4; lastKnownFileType = sourcecode.swift; path = UIColorExtension.swift; sourceTree = "<group>"; };
		99AE293925133E6800272957 /* UIBarButtonItem.swift */ = {isa = PBXFileReference; fileEncoding = 4; lastKnownFileType = sourcecode.swift; path = UIBarButtonItem.swift; sourceTree = "<group>"; };
		99AE293A25133E6800272957 /* ArrayExtension.swift */ = {isa = PBXFileReference; fileEncoding = 4; lastKnownFileType = sourcecode.swift; path = ArrayExtension.swift; sourceTree = "<group>"; };
		99AE293B25133E6800272957 /* CGSizeExtension.swift */ = {isa = PBXFileReference; fileEncoding = 4; lastKnownFileType = sourcecode.swift; path = CGSizeExtension.swift; sourceTree = "<group>"; };
		99AE293C25133E6800272957 /* UIViewControllerExtension.swift */ = {isa = PBXFileReference; fileEncoding = 4; lastKnownFileType = sourcecode.swift; path = UIViewControllerExtension.swift; sourceTree = "<group>"; };
		99AE293D25133E6800272957 /* UIViewExtension.swift */ = {isa = PBXFileReference; fileEncoding = 4; lastKnownFileType = sourcecode.swift; path = UIViewExtension.swift; sourceTree = "<group>"; };
		99AE293E25133E6800272957 /* UIFontExtension.swift */ = {isa = PBXFileReference; fileEncoding = 4; lastKnownFileType = sourcecode.swift; path = UIFontExtension.swift; sourceTree = "<group>"; };
		99AE293F25133E6800272957 /* UIImageExtension.swift */ = {isa = PBXFileReference; fileEncoding = 4; lastKnownFileType = sourcecode.swift; path = UIImageExtension.swift; sourceTree = "<group>"; };
		99AE294025133E6800272957 /* UIAlertControllerExtensions.swift */ = {isa = PBXFileReference; fileEncoding = 4; lastKnownFileType = sourcecode.swift; path = UIAlertControllerExtensions.swift; sourceTree = "<group>"; };
		99AE294125133E6800272957 /* UITraitCollectionExtension.swift */ = {isa = PBXFileReference; fileEncoding = 4; lastKnownFileType = sourcecode.swift; path = UITraitCollectionExtension.swift; sourceTree = "<group>"; };
		99AE294325133E6800272957 /* LottieAnimation.swift */ = {isa = PBXFileReference; fileEncoding = 4; lastKnownFileType = sourcecode.swift; path = LottieAnimation.swift; sourceTree = "<group>"; };
		99AE294525133E6800272957 /* TweakViewController.swift */ = {isa = PBXFileReference; fileEncoding = 4; lastKnownFileType = sourcecode.swift; path = TweakViewController.swift; sourceTree = "<group>"; };
		99AE294625133E6800272957 /* TweakStringValueCell.swift */ = {isa = PBXFileReference; fileEncoding = 4; lastKnownFileType = sourcecode.swift; path = TweakStringValueCell.swift; sourceTree = "<group>"; };
		99AE294725133E6800272957 /* TweakStringValueCell.xib */ = {isa = PBXFileReference; fileEncoding = 4; lastKnownFileType = file.xib; path = TweakStringValueCell.xib; sourceTree = "<group>"; };
		99AE294925133E6800272957 /* TweakSelectViewController.swift */ = {isa = PBXFileReference; fileEncoding = 4; lastKnownFileType = sourcecode.swift; path = TweakSelectViewController.swift; sourceTree = "<group>"; };
		99AE294A25133E6800272957 /* TweakSelectViewController.storyboard */ = {isa = PBXFileReference; fileEncoding = 4; lastKnownFileType = file.storyboard; path = TweakSelectViewController.storyboard; sourceTree = "<group>"; };
		99AE294B25133E6800272957 /* TweakSelectCell.swift */ = {isa = PBXFileReference; fileEncoding = 4; lastKnownFileType = sourcecode.swift; path = TweakSelectCell.swift; sourceTree = "<group>"; };
		99AE294C25133E6800272957 /* TweakSelectCell.xib */ = {isa = PBXFileReference; fileEncoding = 4; lastKnownFileType = file.xib; path = TweakSelectCell.xib; sourceTree = "<group>"; };
		99AE294E25133E6800272957 /* Tweak.swift */ = {isa = PBXFileReference; fileEncoding = 4; lastKnownFileType = sourcecode.swift; path = Tweak.swift; sourceTree = "<group>"; };
		99AE294F25133E6800272957 /* TweakViewController.storyboard */ = {isa = PBXFileReference; fileEncoding = 4; lastKnownFileType = file.storyboard; path = TweakViewController.storyboard; sourceTree = "<group>"; };
		99AE295025133E6800272957 /* CarSwaddleUI.h */ = {isa = PBXFileReference; fileEncoding = 4; lastKnownFileType = sourcecode.c.h; path = CarSwaddleUI.h; sourceTree = "<group>"; };
		99AE295225133E6800272957 /* OneTimeCodeViewController.storyboard */ = {isa = PBXFileReference; fileEncoding = 4; lastKnownFileType = file.storyboard; path = OneTimeCodeViewController.storyboard; sourceTree = "<group>"; };
		99AE295325133E6800272957 /* OneTimeCodeViewController.swift */ = {isa = PBXFileReference; fileEncoding = 4; lastKnownFileType = sourcecode.swift; path = OneTimeCodeViewController.swift; sourceTree = "<group>"; };
		99AE295425133E6800272957 /* OneTimeCodeEntryView.swift */ = {isa = PBXFileReference; fileEncoding = 4; lastKnownFileType = sourcecode.swift; path = OneTimeCodeEntryView.swift; sourceTree = "<group>"; };
		99AE295525133E6800272957 /* DeletingTextField.swift */ = {isa = PBXFileReference; fileEncoding = 4; lastKnownFileType = sourcecode.swift; path = DeletingTextField.swift; sourceTree = "<group>"; };
		"CarSwaddleUI::CarSwaddleUI::Product" /* CarSwaddleUI.framework */ = {isa = PBXFileReference; explicitFileType = wrapper.framework; path = CarSwaddleUI.framework; sourceTree = BUILT_PRODUCTS_DIR; };
		"CarSwaddleUI::CarSwaddleUITests::Product" /* CarSwaddleUITests.xctest */ = {isa = PBXFileReference; explicitFileType = wrapper.cfbundle; path = CarSwaddleUITests.xctest; sourceTree = BUILT_PRODUCTS_DIR; };
		OBJ_12 /* CarSwaddleUITests.swift */ = {isa = PBXFileReference; lastKnownFileType = sourcecode.swift; path = CarSwaddleUITests.swift; sourceTree = "<group>"; };
		OBJ_13 /* XCTestManifests.swift */ = {isa = PBXFileReference; lastKnownFileType = sourcecode.swift; path = XCTestManifests.swift; sourceTree = "<group>"; };
		OBJ_20 /* README.md */ = {isa = PBXFileReference; lastKnownFileType = net.daringfireball.markdown; path = README.md; sourceTree = "<group>"; };
		OBJ_6 /* Package.swift */ = {isa = PBXFileReference; explicitFileType = sourcecode.swift; path = Package.swift; sourceTree = "<group>"; };
/* End PBXFileReference section */

/* Begin PBXFrameworksBuildPhase section */
		OBJ_27 /* Frameworks */ = {
			isa = PBXFrameworksBuildPhase;
			buildActionMask = 0;
			files = (
				99AE29922513421B00272957 /* Lottie in Frameworks */,
			);
			runOnlyForDeploymentPostprocessing = 0;
		};
		OBJ_46 /* Frameworks */ = {
			isa = PBXFrameworksBuildPhase;
			buildActionMask = 0;
			files = (
				OBJ_47 /* CarSwaddleUI.framework in Frameworks */,
			);
			runOnlyForDeploymentPostprocessing = 0;
		};
/* End PBXFrameworksBuildPhase section */

/* Begin PBXGroup section */
		99AE291225133E6800272957 /* CarSwaddleUI */ = {
			isa = PBXGroup;
			children = (
				99AE291325133E6800272957 /* CustomAlert */,
				99AE291925133E6800272957 /* Transition */,
				99AE291F25133E6800272957 /* Location */,
				99AE292125133E6800272957 /* Resources */,
				99AE292325133E6800272957 /* Generic UI */,
				99AE293725133E6800272957 /* Extensions */,
				99AE294225133E6800272957 /* Lottie */,
				99AE294425133E6800272957 /* Tweaks */,
				99AE295025133E6800272957 /* CarSwaddleUI.h */,
				99AE295125133E6800272957 /* One Time Code */,
			);
			name = CarSwaddleUI;
			path = Sources/CarSwaddleUI;
			sourceTree = "<group>";
		};
		99AE291325133E6800272957 /* CustomAlert */ = {
			isa = PBXGroup;
			children = (
				99AE291425133E6800272957 /* CustomAlertContentView.swift */,
				99AE291525133E6800272957 /* CustomAlertControllerExtension.swift */,
				99AE291625133E6800272957 /* CustomAlertContentView.xib */,
				99AE291825133E6800272957 /* CustomAlertController.swift */,
				99AE291725133E6800272957 /* CustomAlertController.storyboard */,
			);
			path = CustomAlert;
			sourceTree = "<group>";
		};
		99AE291925133E6800272957 /* Transition */ = {
			isa = PBXGroup;
			children = (
				99AE291A25133E6800272957 /* DelegatingAnimatedTransition.swift */,
				99AE291B25133E6800272957 /* TranslucentAnimatedTransition.swift */,
				99AE291C25133E6800272957 /* AnimatedTransition.swift */,
				99AE291D25133E6800272957 /* ZoomAnimatedTransition.swift */,
				99AE291E25133E6800272957 /* HorizontalSlideTransition.swift */,
			);
			path = Transition;
			sourceTree = "<group>";
		};
		99AE291F25133E6800272957 /* Location */ = {
			isa = PBXGroup;
			children = (
				99AE292025133E6800272957 /* LocationManager.swift */,
			);
			path = Location;
			sourceTree = "<group>";
		};
		99AE292125133E6800272957 /* Resources */ = {
			isa = PBXGroup;
			children = (
				99AE292225133E6800272957 /* Info.plist */,
			);
			path = Resources;
			sourceTree = "<group>";
		};
		99AE292325133E6800272957 /* Generic UI */ = {
			isa = PBXGroup;
			children = (
				99AE292425133E6800272957 /* FetchedResultsTableButtonViewController.swift */,
				99AE292D25133E6800272957 /* TextCell.swift */,
				99AE292525133E6800272957 /* TextCell.xib */,
				99AE292625133E6800272957 /* ContentInsetAdjuster.swift */,
				99AE292725133E6800272957 /* TableButtonPagingViewController.swift */,
				99AE292825133E6800272957 /* TableViewSchemaViewController.swift */,
				99AE292925133E6800272957 /* FetchedResultsTableViewController.swift */,
				99AE292A25133E6800272957 /* UITableViewExtension.swift */,
				99AE292B25133E6800272957 /* PagingTableViewController.swift */,
				99AE292C25133E6800272957 /* TableViewSchemaButtonViewController.swift */,
				99AE292E25133E6800272957 /* TableViewController.swift */,
				99AE292F25133E6800272957 /* LoadingButton.swift */,
				99AE293025133E6800272957 /* TableButtonViewController.swift */,
				99AE293125133E6800272957 /* ActionButton.swift */,
				99AE293225133E6800272957 /* NavigationDelegateViewController.swift */,
				99AE293325133E6800272957 /* LabeledTextField.swift */,
				99AE293425133E6800272957 /* NibStoryboardInstantiating.swift */,
				99AE293525133E6800272957 /* PocketViewController.swift */,
				99AE293625133E6800272957 /* ReuseIdentifying.swift */,
			);
			path = "Generic UI";
			sourceTree = "<group>";
		};
		99AE293725133E6800272957 /* Extensions */ = {
			isa = PBXGroup;
			children = (
				99AE293825133E6800272957 /* UIColorExtension.swift */,
				99AE293925133E6800272957 /* UIBarButtonItem.swift */,
				99AE293A25133E6800272957 /* ArrayExtension.swift */,
				99AE293B25133E6800272957 /* CGSizeExtension.swift */,
				99AE293C25133E6800272957 /* UIViewControllerExtension.swift */,
				99AE293D25133E6800272957 /* UIViewExtension.swift */,
				99AE293E25133E6800272957 /* UIFontExtension.swift */,
				99AE293F25133E6800272957 /* UIImageExtension.swift */,
				99AE294025133E6800272957 /* UIAlertControllerExtensions.swift */,
				99AE294125133E6800272957 /* UITraitCollectionExtension.swift */,
			);
			path = Extensions;
			sourceTree = "<group>";
		};
		99AE294225133E6800272957 /* Lottie */ = {
			isa = PBXGroup;
			children = (
				99AE294325133E6800272957 /* LottieAnimation.swift */,
			);
			path = Lottie;
			sourceTree = "<group>";
		};
		99AE294425133E6800272957 /* Tweaks */ = {
			isa = PBXGroup;
			children = (
				99AE294525133E6800272957 /* TweakViewController.swift */,
				99AE294625133E6800272957 /* TweakStringValueCell.swift */,
				99AE294725133E6800272957 /* TweakStringValueCell.xib */,
				99AE294825133E6800272957 /* Tweak Select */,
				99AE294D25133E6800272957 /* Model */,
				99AE294F25133E6800272957 /* TweakViewController.storyboard */,
			);
			path = Tweaks;
			sourceTree = "<group>";
		};
		99AE294825133E6800272957 /* Tweak Select */ = {
			isa = PBXGroup;
			children = (
				99AE294925133E6800272957 /* TweakSelectViewController.swift */,
				99AE294A25133E6800272957 /* TweakSelectViewController.storyboard */,
				99AE294B25133E6800272957 /* TweakSelectCell.swift */,
				99AE294C25133E6800272957 /* TweakSelectCell.xib */,
			);
			path = "Tweak Select";
			sourceTree = "<group>";
		};
		99AE294D25133E6800272957 /* Model */ = {
			isa = PBXGroup;
			children = (
				99AE294E25133E6800272957 /* Tweak.swift */,
			);
			path = Model;
			sourceTree = "<group>";
		};
		99AE295125133E6800272957 /* One Time Code */ = {
			isa = PBXGroup;
			children = (
				99AE295225133E6800272957 /* OneTimeCodeViewController.storyboard */,
				99AE295325133E6800272957 /* OneTimeCodeViewController.swift */,
				99AE295425133E6800272957 /* OneTimeCodeEntryView.swift */,
				99AE295525133E6800272957 /* DeletingTextField.swift */,
			);
			path = "One Time Code";
			sourceTree = "<group>";
		};
		OBJ_10 /* Tests */ = {
			isa = PBXGroup;
			children = (
				OBJ_11 /* CarSwaddleUITests */,
			);
			name = Tests;
			sourceTree = SOURCE_ROOT;
		};
		OBJ_11 /* CarSwaddleUITests */ = {
			isa = PBXGroup;
			children = (
				OBJ_12 /* CarSwaddleUITests.swift */,
				OBJ_13 /* XCTestManifests.swift */,
			);
			name = CarSwaddleUITests;
			path = Tests/CarSwaddleUITests;
			sourceTree = SOURCE_ROOT;
		};
		OBJ_14 /* Products */ = {
			isa = PBXGroup;
			children = (
				"CarSwaddleUI::CarSwaddleUITests::Product" /* CarSwaddleUITests.xctest */,
				"CarSwaddleUI::CarSwaddleUI::Product" /* CarSwaddleUI.framework */,
			);
			name = Products;
			sourceTree = BUILT_PRODUCTS_DIR;
		};
		OBJ_5 = {
			isa = PBXGroup;
			children = (
				OBJ_6 /* Package.swift */,
				OBJ_7 /* Sources */,
				OBJ_10 /* Tests */,
				OBJ_14 /* Products */,
				OBJ_20 /* README.md */,
			);
			sourceTree = "<group>";
		};
		OBJ_7 /* Sources */ = {
			isa = PBXGroup;
			children = (
				99AE291225133E6800272957 /* CarSwaddleUI */,
			);
			name = Sources;
			sourceTree = SOURCE_ROOT;
		};
/* End PBXGroup section */

/* Begin PBXNativeTarget section */
		"CarSwaddleUI::CarSwaddleUI" /* CarSwaddleUI */ = {
			isa = PBXNativeTarget;
			buildConfigurationList = OBJ_22 /* Build configuration list for PBXNativeTarget "CarSwaddleUI" */;
			buildPhases = (
				OBJ_25 /* Sources */,
				OBJ_27 /* Frameworks */,
			);
			buildRules = (
			);
			dependencies = (
			);
			name = CarSwaddleUI;
			packageProductDependencies = (
				99AE29912513421B00272957 /* Lottie */,
			);
			productName = CarSwaddleUI;
			productReference = "CarSwaddleUI::CarSwaddleUI::Product" /* CarSwaddleUI.framework */;
			productType = "com.apple.product-type.framework";
		};
		"CarSwaddleUI::CarSwaddleUITests" /* CarSwaddleUITests */ = {
			isa = PBXNativeTarget;
			buildConfigurationList = OBJ_40 /* Build configuration list for PBXNativeTarget "CarSwaddleUITests" */;
			buildPhases = (
				OBJ_43 /* Sources */,
				OBJ_46 /* Frameworks */,
			);
			buildRules = (
			);
			dependencies = (
				OBJ_48 /* PBXTargetDependency */,
			);
			name = CarSwaddleUITests;
			productName = CarSwaddleUITests;
			productReference = "CarSwaddleUI::CarSwaddleUITests::Product" /* CarSwaddleUITests.xctest */;
			productType = "com.apple.product-type.bundle.unit-test";
		};
/* End PBXNativeTarget section */

/* Begin PBXProject section */
		OBJ_1 /* Project object */ = {
			isa = PBXProject;
			attributes = {
				LastSwiftMigration = 9999;
				LastUpgradeCheck = 1200;
			};
			buildConfigurationList = OBJ_2 /* Build configuration list for PBXProject "CarSwaddleUI" */;
			compatibilityVersion = "Xcode 3.2";
			developmentRegion = en;
			hasScannedForEncodings = 0;
			knownRegions = (
				en,
				Base,
			);
			mainGroup = OBJ_5;
			packageReferences = (
				99AE29902513421B00272957 /* XCRemoteSwiftPackageReference "lottie-ios" */,
			);
			productRefGroup = OBJ_14 /* Products */;
			projectDirPath = "";
			projectRoot = "";
			targets = (
				"CarSwaddleUI::CarSwaddleUI" /* CarSwaddleUI */,
				"CarSwaddleUI::CarSwaddleUITests" /* CarSwaddleUITests */,
			);
		};
/* End PBXProject section */

/* Begin PBXSourcesBuildPhase section */
		OBJ_25 /* Sources */ = {
			isa = PBXSourcesBuildPhase;
			buildActionMask = 0;
			files = (
				99AE295F25133E6800272957 /* FetchedResultsTableButtonViewController.swift in Sources */,
				99AE295D25133E6800272957 /* HorizontalSlideTransition.swift in Sources */,
				99AE297725133E6800272957 /* UIFontExtension.swift in Sources */,
				99AE296E25133E6800272957 /* NibStoryboardInstantiating.swift in Sources */,
				99AE295825133E6800272957 /* CustomAlertController.swift in Sources */,
				99AE296B25133E6800272957 /* ActionButton.swift in Sources */,
				99AE295625133E6800272957 /* CustomAlertContentView.swift in Sources */,
				99AE297B25133E6800272957 /* LottieAnimation.swift in Sources */,
				99AE296725133E6800272957 /* TextCell.swift in Sources */,
				99AE296325133E6800272957 /* FetchedResultsTableViewController.swift in Sources */,
				99AE295725133E6800272957 /* CustomAlertControllerExtension.swift in Sources */,
				99AE296425133E6800272957 /* UITableViewExtension.swift in Sources */,
				99AE296525133E6800272957 /* PagingTableViewController.swift in Sources */,
				99AE296125133E6800272957 /* TableButtonPagingViewController.swift in Sources */,
				99AE297425133E6800272957 /* CGSizeExtension.swift in Sources */,
				99AE296F25133E6800272957 /* PocketViewController.swift in Sources */,
				99AE296D25133E6800272957 /* LabeledTextField.swift in Sources */,
				99AE296225133E6800272957 /* TableViewSchemaViewController.swift in Sources */,
				99AE297F25133E6800272957 /* TweakSelectCell.swift in Sources */,
				99AE297325133E6800272957 /* ArrayExtension.swift in Sources */,
				99AE297125133E6800272957 /* UIColorExtension.swift in Sources */,
				99AE295B25133E6800272957 /* AnimatedTransition.swift in Sources */,
				99AE296925133E6800272957 /* LoadingButton.swift in Sources */,
				99AE298325133E6800272957 /* DeletingTextField.swift in Sources */,
				99AE297525133E6800272957 /* UIViewControllerExtension.swift in Sources */,
				99AE297925133E6800272957 /* UIAlertControllerExtensions.swift in Sources */,
				99AE295A25133E6800272957 /* TranslucentAnimatedTransition.swift in Sources */,
				99AE297825133E6800272957 /* UIImageExtension.swift in Sources */,
				99AE296825133E6800272957 /* TableViewController.swift in Sources */,
				99AE297025133E6800272957 /* ReuseIdentifying.swift in Sources */,
				99AE298125133E6800272957 /* OneTimeCodeViewController.swift in Sources */,
				99AE297E25133E6800272957 /* TweakSelectViewController.swift in Sources */,
				99AE297625133E6800272957 /* UIViewExtension.swift in Sources */,
				99AE296A25133E6800272957 /* TableButtonViewController.swift in Sources */,
				99AE296625133E6800272957 /* TableViewSchemaButtonViewController.swift in Sources */,
				99AE295C25133E6800272957 /* ZoomAnimatedTransition.swift in Sources */,
				99AE298025133E6800272957 /* Tweak.swift in Sources */,
				99AE296025133E6800272957 /* ContentInsetAdjuster.swift in Sources */,
				99AE296C25133E6800272957 /* NavigationDelegateViewController.swift in Sources */,
				99AE295925133E6800272957 /* DelegatingAnimatedTransition.swift in Sources */,
				99AE297C25133E6800272957 /* TweakViewController.swift in Sources */,
				99AE298225133E6800272957 /* OneTimeCodeEntryView.swift in Sources */,
				99AE295E25133E6800272957 /* LocationManager.swift in Sources */,
				99AE297D25133E6800272957 /* TweakStringValueCell.swift in Sources */,
				99AE297A25133E6800272957 /* UITraitCollectionExtension.swift in Sources */,
				99AE297225133E6800272957 /* UIBarButtonItem.swift in Sources */,
			);
			runOnlyForDeploymentPostprocessing = 0;
		};
		OBJ_43 /* Sources */ = {
			isa = PBXSourcesBuildPhase;
			buildActionMask = 0;
			files = (
				OBJ_44 /* CarSwaddleUITests.swift in Sources */,
				OBJ_45 /* XCTestManifests.swift in Sources */,
			);
			runOnlyForDeploymentPostprocessing = 0;
		};
/* End PBXSourcesBuildPhase section */

/* Begin PBXTargetDependency section */
		OBJ_48 /* PBXTargetDependency */ = {
			isa = PBXTargetDependency;
			target = "CarSwaddleUI::CarSwaddleUI" /* CarSwaddleUI */;
			targetProxy = 99AE290C25133DF100272957 /* PBXContainerItemProxy */;
		};
/* End PBXTargetDependency section */

/* Begin XCBuildConfiguration section */
		OBJ_23 /* Debug */ = {
			isa = XCBuildConfiguration;
			buildSettings = {
				APPLICATION_EXTENSION_API_ONLY = NO;
				CODE_SIGN_IDENTITY = "";
				DEVELOPMENT_TEAM = "";
				ENABLE_TESTABILITY = YES;
				FRAMEWORK_SEARCH_PATHS = (
					"$(inherited)",
					"$(PLATFORM_DIR)/Developer/Library/Frameworks",
				);
				HEADER_SEARCH_PATHS = "$(inherited)";
				INFOPLIST_FILE = CarSwaddleUI.xcodeproj/CarSwaddleUI_Info.plist;
				IPHONEOS_DEPLOYMENT_TARGET = 13.0;
				LD_RUNPATH_SEARCH_PATHS = (
					"$(inherited)",
					"$(TOOLCHAIN_DIR)/usr/lib/swift/macosx",
				);
				MACOSX_DEPLOYMENT_TARGET = 13.0;
				OTHER_CFLAGS = "$(inherited)";
				OTHER_LDFLAGS = "$(inherited)";
				OTHER_SWIFT_FLAGS = "$(inherited)";
				PRODUCT_BUNDLE_IDENTIFIER = CarSwaddleUI;
				PRODUCT_MODULE_NAME = "$(TARGET_NAME:c99extidentifier)";
				PRODUCT_NAME = "$(TARGET_NAME:c99extidentifier)";
				SKIP_INSTALL = YES;
				SWIFT_ACTIVE_COMPILATION_CONDITIONS = "$(inherited)";
				SWIFT_VERSION = 5.0;
				TARGET_NAME = CarSwaddleUI;
				TVOS_DEPLOYMENT_TARGET = 12.0;
				WATCHOS_DEPLOYMENT_TARGET = 2.0;
			};
			name = Debug;
		};
		OBJ_24 /* Release */ = {
			isa = XCBuildConfiguration;
			buildSettings = {
				APPLICATION_EXTENSION_API_ONLY = NO;
				CODE_SIGN_IDENTITY = "";
				DEVELOPMENT_TEAM = "";
				ENABLE_TESTABILITY = YES;
				FRAMEWORK_SEARCH_PATHS = (
					"$(inherited)",
					"$(PLATFORM_DIR)/Developer/Library/Frameworks",
				);
				HEADER_SEARCH_PATHS = "$(inherited)";
				INFOPLIST_FILE = CarSwaddleUI.xcodeproj/CarSwaddleUI_Info.plist;
				IPHONEOS_DEPLOYMENT_TARGET = 13.0;
				LD_RUNPATH_SEARCH_PATHS = (
					"$(inherited)",
					"$(TOOLCHAIN_DIR)/usr/lib/swift/macosx",
				);
				MACOSX_DEPLOYMENT_TARGET = 13.0;
				OTHER_CFLAGS = "$(inherited)";
				OTHER_LDFLAGS = "$(inherited)";
				OTHER_SWIFT_FLAGS = "$(inherited)";
				PRODUCT_BUNDLE_IDENTIFIER = CarSwaddleUI;
				PRODUCT_MODULE_NAME = "$(TARGET_NAME:c99extidentifier)";
				PRODUCT_NAME = "$(TARGET_NAME:c99extidentifier)";
				SKIP_INSTALL = YES;
				SWIFT_ACTIVE_COMPILATION_CONDITIONS = "$(inherited)";
				SWIFT_VERSION = 5.0;
				TARGET_NAME = CarSwaddleUI;
				TVOS_DEPLOYMENT_TARGET = 12.0;
				WATCHOS_DEPLOYMENT_TARGET = 2.0;
			};
			name = Release;
		};
		OBJ_3 /* Debug */ = {
			isa = XCBuildConfiguration;
			buildSettings = {
				CLANG_ENABLE_OBJC_ARC = YES;
				CLANG_WARN_BLOCK_CAPTURE_AUTORELEASING = YES;
				CLANG_WARN_BOOL_CONVERSION = YES;
				CLANG_WARN_COMMA = YES;
				CLANG_WARN_CONSTANT_CONVERSION = YES;
				CLANG_WARN_DEPRECATED_OBJC_IMPLEMENTATIONS = YES;
				CLANG_WARN_EMPTY_BODY = YES;
				CLANG_WARN_ENUM_CONVERSION = YES;
				CLANG_WARN_INFINITE_RECURSION = YES;
				CLANG_WARN_INT_CONVERSION = YES;
				CLANG_WARN_NON_LITERAL_NULL_CONVERSION = YES;
				CLANG_WARN_OBJC_IMPLICIT_RETAIN_SELF = YES;
				CLANG_WARN_OBJC_LITERAL_CONVERSION = YES;
				CLANG_WARN_QUOTED_INCLUDE_IN_FRAMEWORK_HEADER = YES;
				CLANG_WARN_RANGE_LOOP_ANALYSIS = YES;
				CLANG_WARN_STRICT_PROTOTYPES = YES;
				CLANG_WARN_SUSPICIOUS_MOVE = YES;
				CLANG_WARN_UNREACHABLE_CODE = YES;
				CLANG_WARN__DUPLICATE_METHOD_MATCH = YES;
				COMBINE_HIDPI_IMAGES = YES;
				COPY_PHASE_STRIP = NO;
				DEBUG_INFORMATION_FORMAT = dwarf;
				DYLIB_INSTALL_NAME_BASE = "@rpath";
				ENABLE_NS_ASSERTIONS = YES;
				ENABLE_STRICT_OBJC_MSGSEND = YES;
				ENABLE_TESTABILITY = YES;
				GCC_NO_COMMON_BLOCKS = YES;
				GCC_OPTIMIZATION_LEVEL = 0;
				GCC_PREPROCESSOR_DEFINITIONS = (
					"$(inherited)",
					"SWIFT_PACKAGE=1",
					"DEBUG=1",
				);
				GCC_WARN_64_TO_32_BIT_CONVERSION = YES;
				GCC_WARN_ABOUT_RETURN_TYPE = YES;
				GCC_WARN_UNDECLARED_SELECTOR = YES;
				GCC_WARN_UNINITIALIZED_AUTOS = YES;
				GCC_WARN_UNUSED_FUNCTION = YES;
				GCC_WARN_UNUSED_VARIABLE = YES;
				IPHONEOS_DEPLOYMENT_TARGET = 13.0;
				MACOSX_DEPLOYMENT_TARGET = 10.10;
				ONLY_ACTIVE_ARCH = YES;
				OTHER_SWIFT_FLAGS = "$(inherited) -DXcode";
				PRODUCT_NAME = "$(TARGET_NAME)";
				SDKROOT = macosx;
				SUPPORTED_PLATFORMS = "macosx iphoneos iphonesimulator appletvos appletvsimulator watchos watchsimulator";
				SWIFT_ACTIVE_COMPILATION_CONDITIONS = "$(inherited) SWIFT_PACKAGE DEBUG";
				SWIFT_OPTIMIZATION_LEVEL = "-Onone";
				SWIFT_VERSION = 5.0;
				USE_HEADERMAP = NO;
			};
			name = Debug;
		};
		OBJ_4 /* Release */ = {
			isa = XCBuildConfiguration;
			buildSettings = {
				CLANG_ENABLE_OBJC_ARC = YES;
				CLANG_WARN_BLOCK_CAPTURE_AUTORELEASING = YES;
				CLANG_WARN_BOOL_CONVERSION = YES;
				CLANG_WARN_COMMA = YES;
				CLANG_WARN_CONSTANT_CONVERSION = YES;
				CLANG_WARN_DEPRECATED_OBJC_IMPLEMENTATIONS = YES;
				CLANG_WARN_EMPTY_BODY = YES;
				CLANG_WARN_ENUM_CONVERSION = YES;
				CLANG_WARN_INFINITE_RECURSION = YES;
				CLANG_WARN_INT_CONVERSION = YES;
				CLANG_WARN_NON_LITERAL_NULL_CONVERSION = YES;
				CLANG_WARN_OBJC_IMPLICIT_RETAIN_SELF = YES;
				CLANG_WARN_OBJC_LITERAL_CONVERSION = YES;
				CLANG_WARN_QUOTED_INCLUDE_IN_FRAMEWORK_HEADER = YES;
				CLANG_WARN_RANGE_LOOP_ANALYSIS = YES;
				CLANG_WARN_STRICT_PROTOTYPES = YES;
				CLANG_WARN_SUSPICIOUS_MOVE = YES;
				CLANG_WARN_UNREACHABLE_CODE = YES;
				CLANG_WARN__DUPLICATE_METHOD_MATCH = YES;
				COMBINE_HIDPI_IMAGES = YES;
				COPY_PHASE_STRIP = YES;
				DEBUG_INFORMATION_FORMAT = "dwarf-with-dsym";
				DYLIB_INSTALL_NAME_BASE = "@rpath";
				ENABLE_STRICT_OBJC_MSGSEND = YES;
				GCC_NO_COMMON_BLOCKS = YES;
				GCC_OPTIMIZATION_LEVEL = s;
				GCC_PREPROCESSOR_DEFINITIONS = (
					"$(inherited)",
					"SWIFT_PACKAGE=1",
				);
				GCC_WARN_64_TO_32_BIT_CONVERSION = YES;
				GCC_WARN_ABOUT_RETURN_TYPE = YES;
				GCC_WARN_UNDECLARED_SELECTOR = YES;
				GCC_WARN_UNINITIALIZED_AUTOS = YES;
				GCC_WARN_UNUSED_FUNCTION = YES;
				GCC_WARN_UNUSED_VARIABLE = YES;
				IPHONEOS_DEPLOYMENT_TARGET = 13.0;
				MACOSX_DEPLOYMENT_TARGET = 10.10;
				OTHER_SWIFT_FLAGS = "$(inherited) -DXcode";
				PRODUCT_NAME = "$(TARGET_NAME)";
				SDKROOT = macosx;
				SUPPORTED_PLATFORMS = "macosx iphoneos iphonesimulator appletvos appletvsimulator watchos watchsimulator";
				SWIFT_ACTIVE_COMPILATION_CONDITIONS = "$(inherited) SWIFT_PACKAGE";
				SWIFT_COMPILATION_MODE = wholemodule;
				SWIFT_OPTIMIZATION_LEVEL = "-O";
				SWIFT_VERSION = 5.0;
				USE_HEADERMAP = NO;
			};
			name = Release;
		};
		OBJ_41 /* Debug */ = {
			isa = XCBuildConfiguration;
			buildSettings = {
				ALWAYS_EMBED_SWIFT_STANDARD_LIBRARIES = YES;
				CLANG_ENABLE_MODULES = YES;
				FRAMEWORK_SEARCH_PATHS = (
					"$(inherited)",
					"$(PLATFORM_DIR)/Developer/Library/Frameworks",
				);
				HEADER_SEARCH_PATHS = "$(inherited)";
				INFOPLIST_FILE = CarSwaddleUI.xcodeproj/CarSwaddleUITests_Info.plist;
				IPHONEOS_DEPLOYMENT_TARGET = 12.0;
				LD_RUNPATH_SEARCH_PATHS = (
					"$(inherited)",
					"@loader_path/../Frameworks",
					"@loader_path/Frameworks",
				);
				MACOSX_DEPLOYMENT_TARGET = 10.10;
				OTHER_CFLAGS = "$(inherited)";
				OTHER_LDFLAGS = "$(inherited)";
				OTHER_SWIFT_FLAGS = "$(inherited)";
				SWIFT_ACTIVE_COMPILATION_CONDITIONS = "$(inherited)";
				SWIFT_VERSION = 5.0;
				TARGET_NAME = CarSwaddleUITests;
				TVOS_DEPLOYMENT_TARGET = 12.0;
				WATCHOS_DEPLOYMENT_TARGET = 2.0;
			};
			name = Debug;
		};
		OBJ_42 /* Release */ = {
			isa = XCBuildConfiguration;
			buildSettings = {
				ALWAYS_EMBED_SWIFT_STANDARD_LIBRARIES = YES;
				CLANG_ENABLE_MODULES = YES;
				FRAMEWORK_SEARCH_PATHS = (
					"$(inherited)",
					"$(PLATFORM_DIR)/Developer/Library/Frameworks",
				);
				HEADER_SEARCH_PATHS = "$(inherited)";
				INFOPLIST_FILE = CarSwaddleUI.xcodeproj/CarSwaddleUITests_Info.plist;
				IPHONEOS_DEPLOYMENT_TARGET = 12.0;
				LD_RUNPATH_SEARCH_PATHS = (
					"$(inherited)",
					"@loader_path/../Frameworks",
					"@loader_path/Frameworks",
				);
				MACOSX_DEPLOYMENT_TARGET = 10.10;
				OTHER_CFLAGS = "$(inherited)";
				OTHER_LDFLAGS = "$(inherited)";
				OTHER_SWIFT_FLAGS = "$(inherited)";
				SWIFT_ACTIVE_COMPILATION_CONDITIONS = "$(inherited)";
				SWIFT_VERSION = 5.0;
				TARGET_NAME = CarSwaddleUITests;
				TVOS_DEPLOYMENT_TARGET = 12.0;
				WATCHOS_DEPLOYMENT_TARGET = 2.0;
			};
			name = Release;
		};
/* End XCBuildConfiguration section */

/* Begin XCConfigurationList section */
		OBJ_2 /* Build configuration list for PBXProject "CarSwaddleUI" */ = {
			isa = XCConfigurationList;
			buildConfigurations = (
				OBJ_3 /* Debug */,
				OBJ_4 /* Release */,
			);
			defaultConfigurationIsVisible = 0;
			defaultConfigurationName = Release;
		};
		OBJ_22 /* Build configuration list for PBXNativeTarget "CarSwaddleUI" */ = {
			isa = XCConfigurationList;
			buildConfigurations = (
				OBJ_23 /* Debug */,
				OBJ_24 /* Release */,
			);
			defaultConfigurationIsVisible = 0;
			defaultConfigurationName = Release;
		};
		OBJ_40 /* Build configuration list for PBXNativeTarget "CarSwaddleUITests" */ = {
			isa = XCConfigurationList;
			buildConfigurations = (
				OBJ_41 /* Debug */,
				OBJ_42 /* Release */,
			);
			defaultConfigurationIsVisible = 0;
			defaultConfigurationName = Release;
		};
/* End XCConfigurationList section */

/* Begin XCRemoteSwiftPackageReference section */
		99AE29902513421B00272957 /* XCRemoteSwiftPackageReference "lottie-ios" */ = {
			isa = XCRemoteSwiftPackageReference;
			repositoryURL = "https://github.com/airbnb/lottie-ios.git";
			requirement = {
				kind = upToNextMajorVersion;
				minimumVersion = 3.1.8;
			};
		};
/* End XCRemoteSwiftPackageReference section */

/* Begin XCSwiftPackageProductDependency section */
		99AE29912513421B00272957 /* Lottie */ = {
			isa = XCSwiftPackageProductDependency;
			package = 99AE29902513421B00272957 /* XCRemoteSwiftPackageReference "lottie-ios" */;
			productName = Lottie;
		};
/* End XCSwiftPackageProductDependency section */
	};
	rootObject = OBJ_1 /* Project object */;
}
